
Microsoft Visual Studio Solution File, Format Version 12.00
# Visual Studio Version 16
VisualStudioVersion = 16.0.31105.61
MinimumVisualStudioVersion = 10.0.40219.1
Project("{9A19103F-16F7-4668-BE54-9A1E7A4F7556}") = "Ait.WeatherClient.Wpf", "Ait.WheatherClient.Wpf\Ait.WeatherClient.Wpf.csproj", "{3DE58DD3-3982-4D53-973A-95F8F474204A}"
EndProject
Project("{9A19103F-16F7-4668-BE54-9A1E7A4F7556}") = "Ait.WeatherClient.Core", "Ait.WheatherClient.Core\Ait.WeatherClient.Core.csproj", "{74D02AB2-B644-40A4-9765-B3515BA460AD}"
EndProject
Global
	GlobalSection(SolutionConfigurationPlatforms) = preSolution
		Debug|Any CPU = Debug|Any CPU
		Release|Any CPU = Release|Any CPU
	EndGlobalSection
	GlobalSection(ProjectConfigurationPlatforms) = postSolution
		{3DE58DD3-3982-4D53-973A-95F8F474204A}.Debug|Any CPU.ActiveCfg = Debug|Any CPU
		{3DE58DD3-3982-4D53-973A-95F8F474204A}.Debug|Any CPU.Build.0 = Debug|Any CPU
		{3DE58DD3-3982-4D53-973A-95F8F474204A}.Release|Any CPU.ActiveCfg = Release|Any CPU
		{3DE58DD3-3982-4D53-973A-95F8F474204A}.Release|Any CPU.Build.0 = Release|Any CPU
		{74D02AB2-B644-40A4-9765-B3515BA460AD}.Debug|Any CPU.ActiveCfg = Debug|Any CPU
		{74D02AB2-B644-40A4-9765-B3515BA460AD}.Debug|Any CPU.Build.0 = Debug|Any CPU
		{74D02AB2-B644-40A4-9765-B3515BA460AD}.Release|Any CPU.ActiveCfg = Release|Any CPU
		{74D02AB2-B644-40A4-9765-B3515BA460AD}.Release|Any CPU.Build.0 = Release|Any CPU
	EndGlobalSection
	GlobalSection(SolutionProperties) = preSolution
		HideSolutionNode = FALSE
	EndGlobalSection
	GlobalSection(ExtensibilityGlobals) = postSolution
		SolutionGuid = {BF2A336E-3ECC-4FEE-A1F1-6F2D08EB583F}
	EndGlobalSection
EndGlobal
